
Microsoft Visual Studio Solution File, Format Version 12.00
# Visual Studio Version 16
VisualStudioVersion = 16.0.29001.49
MinimumVisualStudioVersion = 10.0.40219.1
Project("{FAE04EC0-301F-11D3-BF4B-00C04F79EFBC}") = "SMS Language", "SMS Language\SMS Language.csproj", "{6A77E005-A140-4240-8C5D-F791D820E37F}"
EndProject
Global
	GlobalSection(SolutionConfigurationPlatforms) = preSolution
		Debug|Any CPU = Debug|Any CPU
		Release|Any CPU = Release|Any CPU
	EndGlobalSection
	GlobalSection(ProjectConfigurationPlatforms) = postSolution
		{6A77E005-A140-4240-8C5D-F791D820E37F}.Debug|Any CPU.ActiveCfg = Debug|Any CPU
		{6A77E005-A140-4240-8C5D-F791D820E37F}.Debug|Any CPU.Build.0 = Debug|Any CPU
		{6A77E005-A140-4240-8C5D-F791D820E37F}.Release|Any CPU.ActiveCfg = Release|Any CPU
		{6A77E005-A140-4240-8C5D-F791D820E37F}.Release|Any CPU.Build.0 = Release|Any CPU
	EndGlobalSection
	GlobalSection(SolutionProperties) = preSolution
		HideSolutionNode = FALSE
	EndGlobalSection
	GlobalSection(ExtensibilityGlobals) = postSolution
		SolutionGuid = {B6205A8A-CA28-40E7-8CFF-FA23A1B41B44}
	EndGlobalSection
EndGlobal
